// !$*UTF8*$!
{
	archiveVersion = 1;
	classes = {
	};
	objectVersion = 46;
	objects = {

/* Begin PBXBuildFile section */
		22B0B80170FA28E56E1AE86A /* Pods_Todo_Assignment.framework in Frameworks */ = {isa = PBXBuildFile; fileRef = FB14368D0B2EA06D85CF8788 /* Pods_Todo_Assignment.framework */; };
		DB2503221EA7170200CBC064 /* App.swift in Sources */ = {isa = PBXBuildFile; fileRef = DB2502FE1EA7170200CBC064 /* App.swift */; };
		DB2503231EA7170200CBC064 /* AppDelegate.swift in Sources */ = {isa = PBXBuildFile; fileRef = DB2502FF1EA7170200CBC064 /* AppDelegate.swift */; };
		DB2503241EA7170200CBC064 /* Detail.storyboard in Resources */ = {isa = PBXBuildFile; fileRef = DB2503021EA7170200CBC064 /* Detail.storyboard */; };
		DB2503251EA7170200CBC064 /* DetailViewController.swift in Sources */ = {isa = PBXBuildFile; fileRef = DB2503031EA7170200CBC064 /* DetailViewController.swift */; };
		DB2503261EA7170200CBC064 /* List.storyboard in Resources */ = {isa = PBXBuildFile; fileRef = DB2503051EA7170200CBC064 /* List.storyboard */; };
		DB2503271EA7170200CBC064 /* ListViewController.swift in Sources */ = {isa = PBXBuildFile; fileRef = DB2503061EA7170200CBC064 /* ListViewController.swift */; };
		DB2503281EA7170200CBC064 /* MemoEdit.storyboard in Resources */ = {isa = PBXBuildFile; fileRef = DB2503081EA7170200CBC064 /* MemoEdit.storyboard */; };
		DB2503291EA7170200CBC064 /* MemoEditViewController.swift in Sources */ = {isa = PBXBuildFile; fileRef = DB2503091EA7170200CBC064 /* MemoEditViewController.swift */; };
		DB25032A1EA7170200CBC064 /* Notify.storyboard in Resources */ = {isa = PBXBuildFile; fileRef = DB25030B1EA7170200CBC064 /* Notify.storyboard */; };
		DB25032B1EA7170200CBC064 /* NotifyViewController.swift in Sources */ = {isa = PBXBuildFile; fileRef = DB25030C1EA7170200CBC064 /* NotifyViewController.swift */; };
		DB25032C1EA7170200CBC064 /* ViewController.swift in Sources */ = {isa = PBXBuildFile; fileRef = DB25030D1EA7170200CBC064 /* ViewController.swift */; };
		DB25032D1EA7170200CBC064 /* LocalNotification.swift in Sources */ = {isa = PBXBuildFile; fileRef = DB25030F1EA7170200CBC064 /* LocalNotification.swift */; };
		DB25032E1EA7170200CBC064 /* Task.swift in Sources */ = {isa = PBXBuildFile; fileRef = DB2503101EA7170200CBC064 /* Task.swift */; };
		DB25032F1EA7170200CBC064 /* ActionSheet.swift in Sources */ = {isa = PBXBuildFile; fileRef = DB2503121EA7170200CBC064 /* ActionSheet.swift */; };
		DB2503301EA7170200CBC064 /* LocalNotificationModel.swift in Sources */ = {isa = PBXBuildFile; fileRef = DB2503141EA7170200CBC064 /* LocalNotificationModel.swift */; };
		DB2503311EA7170200CBC064 /* TaskModel.swift in Sources */ = {isa = PBXBuildFile; fileRef = DB2503151EA7170200CBC064 /* TaskModel.swift */; };
		DB2503321EA7170200CBC064 /* ApiAccessor.swift in Sources */ = {isa = PBXBuildFile; fileRef = DB2503171EA7170200CBC064 /* ApiAccessor.swift */; };
		DB2503331EA7170200CBC064 /* ApiRequestable.swift in Sources */ = {isa = PBXBuildFile; fileRef = DB2503181EA7170200CBC064 /* ApiRequestable.swift */; };
		DB2503341EA7170200CBC064 /* NSPredicate+Realm.swift in Sources */ = {isa = PBXBuildFile; fileRef = DB25031A1EA7170200CBC064 /* NSPredicate+Realm.swift */; };
		DB2503351EA7170200CBC064 /* Realm.swift in Sources */ = {isa = PBXBuildFile; fileRef = DB25031B1EA7170200CBC064 /* Realm.swift */; };
		DB2503361EA7170300CBC064 /* RealmEntity.swift in Sources */ = {isa = PBXBuildFile; fileRef = DB25031C1EA7170200CBC064 /* RealmEntity.swift */; };
		DB2503371EA7170300CBC064 /* RealmModel.swift in Sources */ = {isa = PBXBuildFile; fileRef = DB25031D1EA7170200CBC064 /* RealmModel.swift */; };
		DB2503381EA7170300CBC064 /* RealmSwift.List+Extension.swift in Sources */ = {isa = PBXBuildFile; fileRef = DB25031E1EA7170200CBC064 /* RealmSwift.List+Extension.swift */; };
		DB2503391EA7170300CBC064 /* String+Realm.swift in Sources */ = {isa = PBXBuildFile; fileRef = DB25031F1EA7170200CBC064 /* String+Realm.swift */; };
		DB25033A1EA7170300CBC064 /* RateView.swift in Sources */ = {isa = PBXBuildFile; fileRef = DB2503211EA7170200CBC064 /* RateView.swift */; };
		DB5CF0C91EA81DAC00148601 /* AppLandingViewController.swift in Sources */ = {isa = PBXBuildFile; fileRef = DB5CF0C81EA81DAC00148601 /* AppLandingViewController.swift */; };
		DB5CF0CB1EA8215800148601 /* Storyboard.swift in Sources */ = {isa = PBXBuildFile; fileRef = DB5CF0CA1EA8215800148601 /* Storyboard.swift */; };
		DB5CF0CE1EA8269900148601 /* UIViewController+Navigatable.swift in Sources */ = {isa = PBXBuildFile; fileRef = DB5CF0CC1EA8269900148601 /* UIViewController+Navigatable.swift */; };
		DB5CF0CF1EA8269900148601 /* UIViewController+Presentable.swift in Sources */ = {isa = PBXBuildFile; fileRef = DB5CF0CD1EA8269900148601 /* UIViewController+Presentable.swift */; };
		DB5CF0D11EA827F400148601 /* TableViewController.swift in Sources */ = {isa = PBXBuildFile; fileRef = DB5CF0D01EA827F400148601 /* TableViewController.swift */; };
		DB5CF0D91EA847E000148601 /* ListTableViewController.swift in Sources */ = {isa = PBXBuildFile; fileRef = DB5CF0D71EA847E000148601 /* ListTableViewController.swift */; };
		DB5CF0DB1EA8480000148601 /* ListTableViewCell.swift in Sources */ = {isa = PBXBuildFile; fileRef = DB5CF0DA1EA8480000148601 /* ListTableViewCell.swift */; };
		DB5E89131EA81A620006393B /* LandingViewController.swift in Sources */ = {isa = PBXBuildFile; fileRef = DB5E89121EA81A620006393B /* LandingViewController.swift */; };
		DB6CA1321EA72FF500A872E0 /* TestRequest.swift in Sources */ = {isa = PBXBuildFile; fileRef = DB6CA1311EA72FF500A872E0 /* TestRequest.swift */; };
		DB6CA1341EA7333600A872E0 /* ApiResult.swift in Sources */ = {isa = PBXBuildFile; fileRef = DB6CA1331EA7333600A872E0 /* ApiResult.swift */; };
		DB89CD831EA6FF9B001910B6 /* Main.storyboard in Resources */ = {isa = PBXBuildFile; fileRef = DB89CD811EA6FF9B001910B6 /* Main.storyboard */; };
		DB89CD851EA6FF9B001910B6 /* Assets.xcassets in Resources */ = {isa = PBXBuildFile; fileRef = DB89CD841EA6FF9B001910B6 /* Assets.xcassets */; };
		DB89CD881EA6FF9B001910B6 /* LaunchScreen.storyboard in Resources */ = {isa = PBXBuildFile; fileRef = DB89CD861EA6FF9B001910B6 /* LaunchScreen.storyboard */; };
		DB89CD931EA6FF9B001910B6 /* Todo_AssignmentTests.swift in Sources */ = {isa = PBXBuildFile; fileRef = DB89CD921EA6FF9B001910B6 /* Todo_AssignmentTests.swift */; };
		E69C3FCED2058065DE655449 /* Pods_Todo_AssignmentTests.framework in Frameworks */ = {isa = PBXBuildFile; fileRef = 82BEBC480BAD332646C6B31B /* Pods_Todo_AssignmentTests.framework */; };
/* End PBXBuildFile section */

/* Begin PBXContainerItemProxy section */
		DB89CD8F1EA6FF9B001910B6 /* PBXContainerItemProxy */ = {
			isa = PBXContainerItemProxy;
			containerPortal = DB89CD721EA6FF9B001910B6 /* Project object */;
			proxyType = 1;
			remoteGlobalIDString = DB89CD791EA6FF9B001910B6;
			remoteInfo = "Todo-Assignment";
		};
/* End PBXContainerItemProxy section */

/* Begin PBXFileReference section */
		38C5096F9E2D3E75209BEABE /* Pods-Todo-AssignmentTests.release.xcconfig */ = {isa = PBXFileReference; includeInIndex = 1; lastKnownFileType = text.xcconfig; name = "Pods-Todo-AssignmentTests.release.xcconfig"; path = "Pods/Target Support Files/Pods-Todo-AssignmentTests/Pods-Todo-AssignmentTests.release.xcconfig"; sourceTree = "<group>"; };
		82BEBC480BAD332646C6B31B /* Pods_Todo_AssignmentTests.framework */ = {isa = PBXFileReference; explicitFileType = wrapper.framework; includeInIndex = 0; path = Pods_Todo_AssignmentTests.framework; sourceTree = BUILT_PRODUCTS_DIR; };
		8B0BAD1691625514FBE322C8 /* Pods-Todo-AssignmentTests.debug.xcconfig */ = {isa = PBXFileReference; includeInIndex = 1; lastKnownFileType = text.xcconfig; name = "Pods-Todo-AssignmentTests.debug.xcconfig"; path = "Pods/Target Support Files/Pods-Todo-AssignmentTests/Pods-Todo-AssignmentTests.debug.xcconfig"; sourceTree = "<group>"; };
		DB2502FE1EA7170200CBC064 /* App.swift */ = {isa = PBXFileReference; fileEncoding = 4; lastKnownFileType = sourcecode.swift; path = App.swift; sourceTree = "<group>"; };
		DB2502FF1EA7170200CBC064 /* AppDelegate.swift */ = {isa = PBXFileReference; fileEncoding = 4; lastKnownFileType = sourcecode.swift; path = AppDelegate.swift; sourceTree = "<group>"; };
		DB2503021EA7170200CBC064 /* Detail.storyboard */ = {isa = PBXFileReference; fileEncoding = 4; lastKnownFileType = file.storyboard; path = Detail.storyboard; sourceTree = "<group>"; };
		DB2503031EA7170200CBC064 /* DetailViewController.swift */ = {isa = PBXFileReference; fileEncoding = 4; lastKnownFileType = sourcecode.swift; path = DetailViewController.swift; sourceTree = "<group>"; };
		DB2503051EA7170200CBC064 /* List.storyboard */ = {isa = PBXFileReference; fileEncoding = 4; lastKnownFileType = file.storyboard; path = List.storyboard; sourceTree = "<group>"; };
		DB2503061EA7170200CBC064 /* ListViewController.swift */ = {isa = PBXFileReference; fileEncoding = 4; lastKnownFileType = sourcecode.swift; path = ListViewController.swift; sourceTree = "<group>"; };
		DB2503081EA7170200CBC064 /* MemoEdit.storyboard */ = {isa = PBXFileReference; fileEncoding = 4; lastKnownFileType = file.storyboard; path = MemoEdit.storyboard; sourceTree = "<group>"; };
		DB2503091EA7170200CBC064 /* MemoEditViewController.swift */ = {isa = PBXFileReference; fileEncoding = 4; lastKnownFileType = sourcecode.swift; path = MemoEditViewController.swift; sourceTree = "<group>"; };
		DB25030B1EA7170200CBC064 /* Notify.storyboard */ = {isa = PBXFileReference; fileEncoding = 4; lastKnownFileType = file.storyboard; path = Notify.storyboard; sourceTree = "<group>"; };
		DB25030C1EA7170200CBC064 /* NotifyViewController.swift */ = {isa = PBXFileReference; fileEncoding = 4; lastKnownFileType = sourcecode.swift; path = NotifyViewController.swift; sourceTree = "<group>"; };
		DB25030D1EA7170200CBC064 /* ViewController.swift */ = {isa = PBXFileReference; fileEncoding = 4; lastKnownFileType = sourcecode.swift; path = ViewController.swift; sourceTree = "<group>"; };
		DB25030F1EA7170200CBC064 /* LocalNotification.swift */ = {isa = PBXFileReference; fileEncoding = 4; lastKnownFileType = sourcecode.swift; path = LocalNotification.swift; sourceTree = "<group>"; };
		DB2503101EA7170200CBC064 /* Task.swift */ = {isa = PBXFileReference; fileEncoding = 4; lastKnownFileType = sourcecode.swift; path = Task.swift; sourceTree = "<group>"; };
		DB2503121EA7170200CBC064 /* ActionSheet.swift */ = {isa = PBXFileReference; fileEncoding = 4; lastKnownFileType = sourcecode.swift; path = ActionSheet.swift; sourceTree = "<group>"; };
		DB2503141EA7170200CBC064 /* LocalNotificationModel.swift */ = {isa = PBXFileReference; fileEncoding = 4; lastKnownFileType = sourcecode.swift; path = LocalNotificationModel.swift; sourceTree = "<group>"; };
		DB2503151EA7170200CBC064 /* TaskModel.swift */ = {isa = PBXFileReference; fileEncoding = 4; lastKnownFileType = sourcecode.swift; path = TaskModel.swift; sourceTree = "<group>"; };
		DB2503171EA7170200CBC064 /* ApiAccessor.swift */ = {isa = PBXFileReference; fileEncoding = 4; lastKnownFileType = sourcecode.swift; path = ApiAccessor.swift; sourceTree = "<group>"; };
		DB2503181EA7170200CBC064 /* ApiRequestable.swift */ = {isa = PBXFileReference; fileEncoding = 4; lastKnownFileType = sourcecode.swift; path = ApiRequestable.swift; sourceTree = "<group>"; };
		DB25031A1EA7170200CBC064 /* NSPredicate+Realm.swift */ = {isa = PBXFileReference; fileEncoding = 4; lastKnownFileType = sourcecode.swift; path = "NSPredicate+Realm.swift"; sourceTree = "<group>"; };
		DB25031B1EA7170200CBC064 /* Realm.swift */ = {isa = PBXFileReference; fileEncoding = 4; lastKnownFileType = sourcecode.swift; path = Realm.swift; sourceTree = "<group>"; };
		DB25031C1EA7170200CBC064 /* RealmEntity.swift */ = {isa = PBXFileReference; fileEncoding = 4; lastKnownFileType = sourcecode.swift; path = RealmEntity.swift; sourceTree = "<group>"; };
		DB25031D1EA7170200CBC064 /* RealmModel.swift */ = {isa = PBXFileReference; fileEncoding = 4; lastKnownFileType = sourcecode.swift; path = RealmModel.swift; sourceTree = "<group>"; };
		DB25031E1EA7170200CBC064 /* RealmSwift.List+Extension.swift */ = {isa = PBXFileReference; fileEncoding = 4; lastKnownFileType = sourcecode.swift; path = "RealmSwift.List+Extension.swift"; sourceTree = "<group>"; };
		DB25031F1EA7170200CBC064 /* String+Realm.swift */ = {isa = PBXFileReference; fileEncoding = 4; lastKnownFileType = sourcecode.swift; path = "String+Realm.swift"; sourceTree = "<group>"; };
		DB2503211EA7170200CBC064 /* RateView.swift */ = {isa = PBXFileReference; fileEncoding = 4; lastKnownFileType = sourcecode.swift; path = RateView.swift; sourceTree = "<group>"; };
		DB5CF0C81EA81DAC00148601 /* AppLandingViewController.swift */ = {isa = PBXFileReference; fileEncoding = 4; lastKnownFileType = sourcecode.swift; path = AppLandingViewController.swift; sourceTree = "<group>"; };
		DB5CF0CA1EA8215800148601 /* Storyboard.swift */ = {isa = PBXFileReference; fileEncoding = 4; lastKnownFileType = sourcecode.swift; path = Storyboard.swift; sourceTree = "<group>"; };
		DB5CF0CC1EA8269900148601 /* UIViewController+Navigatable.swift */ = {isa = PBXFileReference; fileEncoding = 4; lastKnownFileType = sourcecode.swift; path = "UIViewController+Navigatable.swift"; sourceTree = "<group>"; };
		DB5CF0CD1EA8269900148601 /* UIViewController+Presentable.swift */ = {isa = PBXFileReference; fileEncoding = 4; lastKnownFileType = sourcecode.swift; path = "UIViewController+Presentable.swift"; sourceTree = "<group>"; };
		DB5CF0D01EA827F400148601 /* TableViewController.swift */ = {isa = PBXFileReference; fileEncoding = 4; lastKnownFileType = sourcecode.swift; path = TableViewController.swift; sourceTree = "<group>"; };
		DB5CF0D71EA847E000148601 /* ListTableViewController.swift */ = {isa = PBXFileReference; fileEncoding = 4; lastKnownFileType = sourcecode.swift; path = ListTableViewController.swift; sourceTree = "<group>"; };
		DB5CF0DA1EA8480000148601 /* ListTableViewCell.swift */ = {isa = PBXFileReference; fileEncoding = 4; lastKnownFileType = sourcecode.swift; path = ListTableViewCell.swift; sourceTree = "<group>"; };
		DB5E89121EA81A620006393B /* LandingViewController.swift */ = {isa = PBXFileReference; fileEncoding = 4; lastKnownFileType = sourcecode.swift; path = LandingViewController.swift; sourceTree = "<group>"; };
		DB6CA1311EA72FF500A872E0 /* TestRequest.swift */ = {isa = PBXFileReference; fileEncoding = 4; lastKnownFileType = sourcecode.swift; path = TestRequest.swift; sourceTree = "<group>"; };
		DB6CA1331EA7333600A872E0 /* ApiResult.swift */ = {isa = PBXFileReference; fileEncoding = 4; lastKnownFileType = sourcecode.swift; path = ApiResult.swift; sourceTree = "<group>"; };
		DB89CD7A1EA6FF9B001910B6 /* Todo-Assignment.app */ = {isa = PBXFileReference; explicitFileType = wrapper.application; includeInIndex = 0; path = "Todo-Assignment.app"; sourceTree = BUILT_PRODUCTS_DIR; };
		DB89CD821EA6FF9B001910B6 /* Base */ = {isa = PBXFileReference; lastKnownFileType = file.storyboard; name = Base; path = Base.lproj/Main.storyboard; sourceTree = "<group>"; };
		DB89CD841EA6FF9B001910B6 /* Assets.xcassets */ = {isa = PBXFileReference; lastKnownFileType = folder.assetcatalog; path = Assets.xcassets; sourceTree = "<group>"; };
		DB89CD871EA6FF9B001910B6 /* Base */ = {isa = PBXFileReference; lastKnownFileType = file.storyboard; name = Base; path = Base.lproj/LaunchScreen.storyboard; sourceTree = "<group>"; };
		DB89CD891EA6FF9B001910B6 /* Info.plist */ = {isa = PBXFileReference; lastKnownFileType = text.plist.xml; path = Info.plist; sourceTree = "<group>"; };
		DB89CD8E1EA6FF9B001910B6 /* Todo-AssignmentTests.xctest */ = {isa = PBXFileReference; explicitFileType = wrapper.cfbundle; includeInIndex = 0; path = "Todo-AssignmentTests.xctest"; sourceTree = BUILT_PRODUCTS_DIR; };
		DB89CD921EA6FF9B001910B6 /* Todo_AssignmentTests.swift */ = {isa = PBXFileReference; lastKnownFileType = sourcecode.swift; path = Todo_AssignmentTests.swift; sourceTree = "<group>"; };
		DB89CD941EA6FF9B001910B6 /* Info.plist */ = {isa = PBXFileReference; lastKnownFileType = text.plist.xml; path = Info.plist; sourceTree = "<group>"; };
		E508213535F13E5300318183 /* Pods-Todo-Assignment.release.xcconfig */ = {isa = PBXFileReference; includeInIndex = 1; lastKnownFileType = text.xcconfig; name = "Pods-Todo-Assignment.release.xcconfig"; path = "Pods/Target Support Files/Pods-Todo-Assignment/Pods-Todo-Assignment.release.xcconfig"; sourceTree = "<group>"; };
		F8B87AF8D3E7C5525A812F1D /* Pods-Todo-Assignment.debug.xcconfig */ = {isa = PBXFileReference; includeInIndex = 1; lastKnownFileType = text.xcconfig; name = "Pods-Todo-Assignment.debug.xcconfig"; path = "Pods/Target Support Files/Pods-Todo-Assignment/Pods-Todo-Assignment.debug.xcconfig"; sourceTree = "<group>"; };
		FB14368D0B2EA06D85CF8788 /* Pods_Todo_Assignment.framework */ = {isa = PBXFileReference; explicitFileType = wrapper.framework; includeInIndex = 0; path = Pods_Todo_Assignment.framework; sourceTree = BUILT_PRODUCTS_DIR; };
/* End PBXFileReference section */

/* Begin PBXFrameworksBuildPhase section */
		DB89CD771EA6FF9B001910B6 /* Frameworks */ = {
			isa = PBXFrameworksBuildPhase;
			buildActionMask = 2147483647;
			files = (
				22B0B80170FA28E56E1AE86A /* Pods_Todo_Assignment.framework in Frameworks */,
			);
			runOnlyForDeploymentPostprocessing = 0;
		};
		DB89CD8B1EA6FF9B001910B6 /* Frameworks */ = {
			isa = PBXFrameworksBuildPhase;
			buildActionMask = 2147483647;
			files = (
				E69C3FCED2058065DE655449 /* Pods_Todo_AssignmentTests.framework in Frameworks */,
			);
			runOnlyForDeploymentPostprocessing = 0;
		};
/* End PBXFrameworksBuildPhase section */

/* Begin PBXGroup section */
		4FD5C1F406DCE4115D4CAE2C /* Frameworks */ = {
			isa = PBXGroup;
			children = (
				FB14368D0B2EA06D85CF8788 /* Pods_Todo_Assignment.framework */,
				82BEBC480BAD332646C6B31B /* Pods_Todo_AssignmentTests.framework */,
			);
			name = Frameworks;
			sourceTree = "<group>";
		};
		526DE46C0911C5AD34371BF2 /* Pods */ = {
			isa = PBXGroup;
			children = (
				F8B87AF8D3E7C5525A812F1D /* Pods-Todo-Assignment.debug.xcconfig */,
				E508213535F13E5300318183 /* Pods-Todo-Assignment.release.xcconfig */,
				8B0BAD1691625514FBE322C8 /* Pods-Todo-AssignmentTests.debug.xcconfig */,
				38C5096F9E2D3E75209BEABE /* Pods-Todo-AssignmentTests.release.xcconfig */,
			);
			name = Pods;
			sourceTree = "<group>";
		};
		DB2502FD1EA7170200CBC064 /* Sources */ = {
			isa = PBXGroup;
			children = (
				DB2502FE1EA7170200CBC064 /* App.swift */,
				DB2502FF1EA7170200CBC064 /* AppDelegate.swift */,
				DB2503001EA7170200CBC064 /* Controllers */,
				DB25030E1EA7170200CBC064 /* Entities */,
				DB2503111EA7170200CBC064 /* Libs */,
				DB2503131EA7170200CBC064 /* Models */,
				DB2503161EA7170200CBC064 /* Networks */,
				DB2503191EA7170200CBC064 /* Realm */,
				DB2503201EA7170200CBC064 /* Widgets */,
			);
			name = Sources;
			path = "Todo-Assignment/Sources";
			sourceTree = "<group>";
		};
		DB2503001EA7170200CBC064 /* Controllers */ = {
			isa = PBXGroup;
			children = (
				DB2503011EA7170200CBC064 /* Detail */,
				DB2503041EA7170200CBC064 /* List */,
				DB2503071EA7170200CBC064 /* MemoEdit */,
				DB25030A1EA7170200CBC064 /* Notify */,
				DB25030D1EA7170200CBC064 /* ViewController.swift */,
				DB5CF0C81EA81DAC00148601 /* AppLandingViewController.swift */,
			);
			path = Controllers;
			sourceTree = "<group>";
		};
		DB2503011EA7170200CBC064 /* Detail */ = {
			isa = PBXGroup;
			children = (
				DB2503021EA7170200CBC064 /* Detail.storyboard */,
				DB2503031EA7170200CBC064 /* DetailViewController.swift */,
			);
			path = Detail;
			sourceTree = "<group>";
		};
		DB2503041EA7170200CBC064 /* List */ = {
			isa = PBXGroup;
			children = (
				DB2503051EA7170200CBC064 /* List.storyboard */,
				DB2503061EA7170200CBC064 /* ListViewController.swift */,
				DB5CF0D71EA847E000148601 /* ListTableViewController.swift */,
				DB5CF0DA1EA8480000148601 /* ListTableViewCell.swift */,
			);
			path = List;
			sourceTree = "<group>";
		};
		DB2503071EA7170200CBC064 /* MemoEdit */ = {
			isa = PBXGroup;
			children = (
				DB2503081EA7170200CBC064 /* MemoEdit.storyboard */,
				DB2503091EA7170200CBC064 /* MemoEditViewController.swift */,
			);
			path = MemoEdit;
			sourceTree = "<group>";
		};
		DB25030A1EA7170200CBC064 /* Notify */ = {
			isa = PBXGroup;
			children = (
				DB25030B1EA7170200CBC064 /* Notify.storyboard */,
				DB25030C1EA7170200CBC064 /* NotifyViewController.swift */,
			);
			path = Notify;
			sourceTree = "<group>";
		};
		DB25030E1EA7170200CBC064 /* Entities */ = {
			isa = PBXGroup;
			children = (
				DB25030F1EA7170200CBC064 /* LocalNotification.swift */,
				DB2503101EA7170200CBC064 /* Task.swift */,
			);
			path = Entities;
			sourceTree = "<group>";
		};
		DB2503111EA7170200CBC064 /* Libs */ = {
			isa = PBXGroup;
			children = (
				DB5CF0CC1EA8269900148601 /* UIViewController+Navigatable.swift */,
				DB5CF0CD1EA8269900148601 /* UIViewController+Presentable.swift */,
				DB5E89121EA81A620006393B /* LandingViewController.swift */,
				DB5CF0D01EA827F400148601 /* TableViewController.swift */,
				DB5CF0CA1EA8215800148601 /* Storyboard.swift */,
				DB2503121EA7170200CBC064 /* ActionSheet.swift */,
			);
			path = Libs;
			sourceTree = "<group>";
		};
		DB2503131EA7170200CBC064 /* Models */ = {
			isa = PBXGroup;
			children = (
				DB2503141EA7170200CBC064 /* LocalNotificationModel.swift */,
				DB2503151EA7170200CBC064 /* TaskModel.swift */,
			);
			path = Models;
			sourceTree = "<group>";
		};
		DB2503161EA7170200CBC064 /* Networks */ = {
			isa = PBXGroup;
			children = (
				DB25033D1EA72BA800CBC064 /* Requests */,
				DB2503171EA7170200CBC064 /* ApiAccessor.swift */,
				DB6CA1331EA7333600A872E0 /* ApiResult.swift */,
				DB2503181EA7170200CBC064 /* ApiRequestable.swift */,
			);
			path = Networks;
			sourceTree = "<group>";
		};
		DB2503191EA7170200CBC064 /* Realm */ = {
			isa = PBXGroup;
			children = (
				DB25031A1EA7170200CBC064 /* NSPredicate+Realm.swift */,
				DB25031B1EA7170200CBC064 /* Realm.swift */,
				DB25031C1EA7170200CBC064 /* RealmEntity.swift */,
				DB25031D1EA7170200CBC064 /* RealmModel.swift */,
				DB25031E1EA7170200CBC064 /* RealmSwift.List+Extension.swift */,
				DB25031F1EA7170200CBC064 /* String+Realm.swift */,
			);
			path = Realm;
			sourceTree = "<group>";
		};
		DB2503201EA7170200CBC064 /* Widgets */ = {
			isa = PBXGroup;
			children = (
				DB2503211EA7170200CBC064 /* RateView.swift */,
			);
			path = Widgets;
			sourceTree = "<group>";
		};
		DB25033D1EA72BA800CBC064 /* Requests */ = {
			isa = PBXGroup;
			children = (
				DB6CA1311EA72FF500A872E0 /* TestRequest.swift */,
			);
			path = Requests;
			sourceTree = "<group>";
		};
		DB89CD711EA6FF9B001910B6 = {
			isa = PBXGroup;
			children = (
				DB2502FD1EA7170200CBC064 /* Sources */,
				DB89CD7C1EA6FF9B001910B6 /* Todo-Assignment */,
				DB89CD911EA6FF9B001910B6 /* Todo-AssignmentTests */,
				DB89CD7B1EA6FF9B001910B6 /* Products */,
				526DE46C0911C5AD34371BF2 /* Pods */,
				4FD5C1F406DCE4115D4CAE2C /* Frameworks */,
			);
			sourceTree = "<group>";
		};
		DB89CD7B1EA6FF9B001910B6 /* Products */ = {
			isa = PBXGroup;
			children = (
				DB89CD7A1EA6FF9B001910B6 /* Todo-Assignment.app */,
				DB89CD8E1EA6FF9B001910B6 /* Todo-AssignmentTests.xctest */,
			);
			name = Products;
			sourceTree = "<group>";
		};
		DB89CD7C1EA6FF9B001910B6 /* Todo-Assignment */ = {
			isa = PBXGroup;
			children = (
				DB89CD811EA6FF9B001910B6 /* Main.storyboard */,
				DB89CD841EA6FF9B001910B6 /* Assets.xcassets */,
				DB89CD861EA6FF9B001910B6 /* LaunchScreen.storyboard */,
				DB89CD891EA6FF9B001910B6 /* Info.plist */,
			);
			path = "Todo-Assignment";
			sourceTree = "<group>";
		};
		DB89CD911EA6FF9B001910B6 /* Todo-AssignmentTests */ = {
			isa = PBXGroup;
			children = (
				DB89CD921EA6FF9B001910B6 /* Todo_AssignmentTests.swift */,
				DB89CD941EA6FF9B001910B6 /* Info.plist */,
			);
			path = "Todo-AssignmentTests";
			sourceTree = "<group>";
		};
/* End PBXGroup section */

/* Begin PBXNativeTarget section */
		DB89CD791EA6FF9B001910B6 /* Todo-Assignment */ = {
			isa = PBXNativeTarget;
			buildConfigurationList = DB89CD971EA6FF9B001910B6 /* Build configuration list for PBXNativeTarget "Todo-Assignment" */;
			buildPhases = (
				127C4976817A8FC6F2F0A93D /* [CP] Check Pods Manifest.lock */,
				DB89CD761EA6FF9B001910B6 /* Sources */,
				DB89CD771EA6FF9B001910B6 /* Frameworks */,
				DB89CD781EA6FF9B001910B6 /* Resources */,
				BBD7741CB05DC496DCCF8AFD /* [CP] Embed Pods Frameworks */,
				7872AA993BCC507E71DE9376 /* [CP] Copy Pods Resources */,
			);
			buildRules = (
			);
			dependencies = (
			);
			name = "Todo-Assignment";
			productName = "Todo-Assignment";
			productReference = DB89CD7A1EA6FF9B001910B6 /* Todo-Assignment.app */;
			productType = "com.apple.product-type.application";
		};
		DB89CD8D1EA6FF9B001910B6 /* Todo-AssignmentTests */ = {
			isa = PBXNativeTarget;
			buildConfigurationList = DB89CD9A1EA6FF9B001910B6 /* Build configuration list for PBXNativeTarget "Todo-AssignmentTests" */;
			buildPhases = (
				E4D21CE13A1242C93629AAFB /* [CP] Check Pods Manifest.lock */,
				DB89CD8A1EA6FF9B001910B6 /* Sources */,
				DB89CD8B1EA6FF9B001910B6 /* Frameworks */,
				DB89CD8C1EA6FF9B001910B6 /* Resources */,
				E490C5691B062D1EDDD80040 /* [CP] Embed Pods Frameworks */,
				0BB792C381C7275AE06917BA /* [CP] Copy Pods Resources */,
			);
			buildRules = (
			);
			dependencies = (
				DB89CD901EA6FF9B001910B6 /* PBXTargetDependency */,
			);
			name = "Todo-AssignmentTests";
			productName = "Todo-AssignmentTests";
			productReference = DB89CD8E1EA6FF9B001910B6 /* Todo-AssignmentTests.xctest */;
			productType = "com.apple.product-type.bundle.unit-test";
		};
/* End PBXNativeTarget section */

/* Begin PBXProject section */
		DB89CD721EA6FF9B001910B6 /* Project object */ = {
			isa = PBXProject;
			attributes = {
				LastSwiftUpdateCheck = 0830;
				LastUpgradeCheck = 0830;
				ORGANIZATIONNAME = "yuichi.nakayasu@gmail.com";
				TargetAttributes = {
					DB89CD791EA6FF9B001910B6 = {
						CreatedOnToolsVersion = 8.3.1;
						DevelopmentTeam = F5GAB67SL8;
						ProvisioningStyle = Automatic;
					};
					DB89CD8D1EA6FF9B001910B6 = {
						CreatedOnToolsVersion = 8.3.1;
						DevelopmentTeam = F5GAB67SL8;
						ProvisioningStyle = Automatic;
						TestTargetID = DB89CD791EA6FF9B001910B6;
					};
				};
			};
			buildConfigurationList = DB89CD751EA6FF9B001910B6 /* Build configuration list for PBXProject "Todo-Assignment" */;
			compatibilityVersion = "Xcode 3.2";
			developmentRegion = English;
			hasScannedForEncodings = 0;
			knownRegions = (
				en,
				Base,
			);
			mainGroup = DB89CD711EA6FF9B001910B6;
			productRefGroup = DB89CD7B1EA6FF9B001910B6 /* Products */;
			projectDirPath = "";
			projectRoot = "";
			targets = (
				DB89CD791EA6FF9B001910B6 /* Todo-Assignment */,
				DB89CD8D1EA6FF9B001910B6 /* Todo-AssignmentTests */,
			);
		};
/* End PBXProject section */

/* Begin PBXResourcesBuildPhase section */
		DB89CD781EA6FF9B001910B6 /* Resources */ = {
			isa = PBXResourcesBuildPhase;
			buildActionMask = 2147483647;
			files = (
				DB25032A1EA7170200CBC064 /* Notify.storyboard in Resources */,
				DB89CD881EA6FF9B001910B6 /* LaunchScreen.storyboard in Resources */,
				DB89CD851EA6FF9B001910B6 /* Assets.xcassets in Resources */,
				DB2503281EA7170200CBC064 /* MemoEdit.storyboard in Resources */,
				DB2503261EA7170200CBC064 /* List.storyboard in Resources */,
				DB89CD831EA6FF9B001910B6 /* Main.storyboard in Resources */,
				DB2503241EA7170200CBC064 /* Detail.storyboard in Resources */,
			);
			runOnlyForDeploymentPostprocessing = 0;
		};
		DB89CD8C1EA6FF9B001910B6 /* Resources */ = {
			isa = PBXResourcesBuildPhase;
			buildActionMask = 2147483647;
			files = (
			);
			runOnlyForDeploymentPostprocessing = 0;
		};
/* End PBXResourcesBuildPhase section */

/* Begin PBXShellScriptBuildPhase section */
		0BB792C381C7275AE06917BA /* [CP] Copy Pods Resources */ = {
			isa = PBXShellScriptBuildPhase;
			buildActionMask = 2147483647;
			files = (
			);
			inputPaths = (
			);
			name = "[CP] Copy Pods Resources";
			outputPaths = (
			);
			runOnlyForDeploymentPostprocessing = 0;
			shellPath = /bin/sh;
			shellScript = "\"${SRCROOT}/Pods/Target Support Files/Pods-Todo-AssignmentTests/Pods-Todo-AssignmentTests-resources.sh\"\n";
			showEnvVarsInLog = 0;
		};
		127C4976817A8FC6F2F0A93D /* [CP] Check Pods Manifest.lock */ = {
			isa = PBXShellScriptBuildPhase;
			buildActionMask = 2147483647;
			files = (
			);
			inputPaths = (
			);
			name = "[CP] Check Pods Manifest.lock";
			outputPaths = (
			);
			runOnlyForDeploymentPostprocessing = 0;
			shellPath = /bin/sh;
			shellScript = "diff \"${PODS_ROOT}/../Podfile.lock\" \"${PODS_ROOT}/Manifest.lock\" > /dev/null\nif [ $? != 0 ] ; then\n    # print error to STDERR\n    echo \"error: The sandbox is not in sync with the Podfile.lock. Run 'pod install' or update your CocoaPods installation.\" >&2\n    exit 1\nfi\n";
			showEnvVarsInLog = 0;
		};
		7872AA993BCC507E71DE9376 /* [CP] Copy Pods Resources */ = {
			isa = PBXShellScriptBuildPhase;
			buildActionMask = 2147483647;
			files = (
			);
			inputPaths = (
			);
			name = "[CP] Copy Pods Resources";
			outputPaths = (
			);
			runOnlyForDeploymentPostprocessing = 0;
			shellPath = /bin/sh;
			shellScript = "\"${SRCROOT}/Pods/Target Support Files/Pods-Todo-Assignment/Pods-Todo-Assignment-resources.sh\"\n";
			showEnvVarsInLog = 0;
		};
		BBD7741CB05DC496DCCF8AFD /* [CP] Embed Pods Frameworks */ = {
			isa = PBXShellScriptBuildPhase;
			buildActionMask = 2147483647;
			files = (
			);
			inputPaths = (
			);
			name = "[CP] Embed Pods Frameworks";
			outputPaths = (
			);
			runOnlyForDeploymentPostprocessing = 0;
			shellPath = /bin/sh;
			shellScript = "\"${SRCROOT}/Pods/Target Support Files/Pods-Todo-Assignment/Pods-Todo-Assignment-frameworks.sh\"\n";
			showEnvVarsInLog = 0;
		};
		E490C5691B062D1EDDD80040 /* [CP] Embed Pods Frameworks */ = {
			isa = PBXShellScriptBuildPhase;
			buildActionMask = 2147483647;
			files = (
			);
			inputPaths = (
			);
			name = "[CP] Embed Pods Frameworks";
			outputPaths = (
			);
			runOnlyForDeploymentPostprocessing = 0;
			shellPath = /bin/sh;
			shellScript = "\"${SRCROOT}/Pods/Target Support Files/Pods-Todo-AssignmentTests/Pods-Todo-AssignmentTests-frameworks.sh\"\n";
			showEnvVarsInLog = 0;
		};
		E4D21CE13A1242C93629AAFB /* [CP] Check Pods Manifest.lock */ = {
			isa = PBXShellScriptBuildPhase;
			buildActionMask = 2147483647;
			files = (
			);
			inputPaths = (
			);
			name = "[CP] Check Pods Manifest.lock";
			outputPaths = (
			);
			runOnlyForDeploymentPostprocessing = 0;
			shellPath = /bin/sh;
			shellScript = "diff \"${PODS_ROOT}/../Podfile.lock\" \"${PODS_ROOT}/Manifest.lock\" > /dev/null\nif [ $? != 0 ] ; then\n    # print error to STDERR\n    echo \"error: The sandbox is not in sync with the Podfile.lock. Run 'pod install' or update your CocoaPods installation.\" >&2\n    exit 1\nfi\n";
			showEnvVarsInLog = 0;
		};
/* End PBXShellScriptBuildPhase section */

/* Begin PBXSourcesBuildPhase section */
		DB89CD761EA6FF9B001910B6 /* Sources */ = {
			isa = PBXSourcesBuildPhase;
			buildActionMask = 2147483647;
			files = (
				DB2503221EA7170200CBC064 /* App.swift in Sources */,
				DB5CF0D91EA847E000148601 /* ListTableViewController.swift in Sources */,
				DB2503231EA7170200CBC064 /* AppDelegate.swift in Sources */,
				DB6CA1341EA7333600A872E0 /* ApiResult.swift in Sources */,
				DB25032C1EA7170200CBC064 /* ViewController.swift in Sources */,
				DB5CF0CB1EA8215800148601 /* Storyboard.swift in Sources */,
				DB2503351EA7170200CBC064 /* Realm.swift in Sources */,
				DB2503321EA7170200CBC064 /* ApiAccessor.swift in Sources */,
				DB2503331EA7170200CBC064 /* ApiRequestable.swift in Sources */,
				DB2503341EA7170200CBC064 /* NSPredicate+Realm.swift in Sources */,
				DB5CF0D11EA827F400148601 /* TableViewController.swift in Sources */,
				DB2503251EA7170200CBC064 /* DetailViewController.swift in Sources */,
				DB25032B1EA7170200CBC064 /* NotifyViewController.swift in Sources */,
				DB2503291EA7170200CBC064 /* MemoEditViewController.swift in Sources */,
				DB25032F1EA7170200CBC064 /* ActionSheet.swift in Sources */,
				DB2503301EA7170200CBC064 /* LocalNotificationModel.swift in Sources */,
				DB5CF0CF1EA8269900148601 /* UIViewController+Presentable.swift in Sources */,
				DB5CF0DB1EA8480000148601 /* ListTableViewCell.swift in Sources */,
				DB2503311EA7170200CBC064 /* TaskModel.swift in Sources */,
				DB25033A1EA7170300CBC064 /* RateView.swift in Sources */,
				DB5CF0CE1EA8269900148601 /* UIViewController+Navigatable.swift in Sources */,
				DB25032D1EA7170200CBC064 /* LocalNotification.swift in Sources */,
				DB2503381EA7170300CBC064 /* RealmSwift.List+Extension.swift in Sources */,
				DB5E89131EA81A620006393B /* LandingViewController.swift in Sources */,
				DB5CF0C91EA81DAC00148601 /* AppLandingViewController.swift in Sources */,
				DB2503391EA7170300CBC064 /* String+Realm.swift in Sources */,
				DB6CA1321EA72FF500A872E0 /* TestRequest.swift in Sources */,
				DB2503271EA7170200CBC064 /* ListViewController.swift in Sources */,
				DB2503371EA7170300CBC064 /* RealmModel.swift in Sources */,
				DB25032E1EA7170200CBC064 /* Task.swift in Sources */,
				DB2503361EA7170300CBC064 /* RealmEntity.swift in Sources */,
			);
			runOnlyForDeploymentPostprocessing = 0;
		};
		DB89CD8A1EA6FF9B001910B6 /* Sources */ = {
			isa = PBXSourcesBuildPhase;
			buildActionMask = 2147483647;
			files = (
				DB89CD931EA6FF9B001910B6 /* Todo_AssignmentTests.swift in Sources */,
			);
			runOnlyForDeploymentPostprocessing = 0;
		};
/* End PBXSourcesBuildPhase section */

/* Begin PBXTargetDependency section */
		DB89CD901EA6FF9B001910B6 /* PBXTargetDependency */ = {
			isa = PBXTargetDependency;
			target = DB89CD791EA6FF9B001910B6 /* Todo-Assignment */;
			targetProxy = DB89CD8F1EA6FF9B001910B6 /* PBXContainerItemProxy */;
		};
/* End PBXTargetDependency section */

/* Begin PBXVariantGroup section */
		DB89CD811EA6FF9B001910B6 /* Main.storyboard */ = {
			isa = PBXVariantGroup;
			children = (
				DB89CD821EA6FF9B001910B6 /* Base */,
			);
			name = Main.storyboard;
			sourceTree = "<group>";
		};
		DB89CD861EA6FF9B001910B6 /* LaunchScreen.storyboard */ = {
			isa = PBXVariantGroup;
			children = (
				DB89CD871EA6FF9B001910B6 /* Base */,
			);
			name = LaunchScreen.storyboard;
			sourceTree = "<group>";
		};
/* End PBXVariantGroup section */

/* Begin XCBuildConfiguration section */
		DB89CD951EA6FF9B001910B6 /* Debug */ = {
			isa = XCBuildConfiguration;
			buildSettings = {
				ALWAYS_SEARCH_USER_PATHS = NO;
				CLANG_ANALYZER_NONNULL = YES;
				CLANG_ANALYZER_NUMBER_OBJECT_CONVERSION = YES_AGGRESSIVE;
				CLANG_CXX_LANGUAGE_STANDARD = "gnu++0x";
				CLANG_CXX_LIBRARY = "libc++";
				CLANG_ENABLE_MODULES = YES;
				CLANG_ENABLE_OBJC_ARC = YES;
				CLANG_WARN_BOOL_CONVERSION = YES;
				CLANG_WARN_CONSTANT_CONVERSION = YES;
				CLANG_WARN_DIRECT_OBJC_ISA_USAGE = YES_ERROR;
				CLANG_WARN_DOCUMENTATION_COMMENTS = YES;
				CLANG_WARN_EMPTY_BODY = YES;
				CLANG_WARN_ENUM_CONVERSION = YES;
				CLANG_WARN_INFINITE_RECURSION = YES;
				CLANG_WARN_INT_CONVERSION = YES;
				CLANG_WARN_OBJC_ROOT_CLASS = YES_ERROR;
				CLANG_WARN_SUSPICIOUS_MOVE = YES;
				CLANG_WARN_UNREACHABLE_CODE = YES;
				CLANG_WARN__DUPLICATE_METHOD_MATCH = YES;
				"CODE_SIGN_IDENTITY[sdk=iphoneos*]" = "iPhone Developer";
				COPY_PHASE_STRIP = NO;
				DEBUG_INFORMATION_FORMAT = dwarf;
				ENABLE_STRICT_OBJC_MSGSEND = YES;
				ENABLE_TESTABILITY = YES;
				GCC_C_LANGUAGE_STANDARD = gnu99;
				GCC_DYNAMIC_NO_PIC = NO;
				GCC_NO_COMMON_BLOCKS = YES;
				GCC_OPTIMIZATION_LEVEL = 0;
				GCC_PREPROCESSOR_DEFINITIONS = (
					"DEBUG=1",
					"$(inherited)",
				);
				GCC_WARN_64_TO_32_BIT_CONVERSION = YES;
				GCC_WARN_ABOUT_RETURN_TYPE = YES_ERROR;
				GCC_WARN_UNDECLARED_SELECTOR = YES;
				GCC_WARN_UNINITIALIZED_AUTOS = YES_AGGRESSIVE;
				GCC_WARN_UNUSED_FUNCTION = YES;
				GCC_WARN_UNUSED_VARIABLE = YES;
				IPHONEOS_DEPLOYMENT_TARGET = 10.3;
				MTL_ENABLE_DEBUG_INFO = YES;
				ONLY_ACTIVE_ARCH = YES;
				SDKROOT = iphoneos;
				SWIFT_ACTIVE_COMPILATION_CONDITIONS = DEBUG;
				SWIFT_OPTIMIZATION_LEVEL = "-Onone";
			};
			name = Debug;
		};
		DB89CD961EA6FF9B001910B6 /* Release */ = {
			isa = XCBuildConfiguration;
			buildSettings = {
				ALWAYS_SEARCH_USER_PATHS = NO;
				CLANG_ANALYZER_NONNULL = YES;
				CLANG_ANALYZER_NUMBER_OBJECT_CONVERSION = YES_AGGRESSIVE;
				CLANG_CXX_LANGUAGE_STANDARD = "gnu++0x";
				CLANG_CXX_LIBRARY = "libc++";
				CLANG_ENABLE_MODULES = YES;
				CLANG_ENABLE_OBJC_ARC = YES;
				CLANG_WARN_BOOL_CONVERSION = YES;
				CLANG_WARN_CONSTANT_CONVERSION = YES;
				CLANG_WARN_DIRECT_OBJC_ISA_USAGE = YES_ERROR;
				CLANG_WARN_DOCUMENTATION_COMMENTS = YES;
				CLANG_WARN_EMPTY_BODY = YES;
				CLANG_WARN_ENUM_CONVERSION = YES;
				CLANG_WARN_INFINITE_RECURSION = YES;
				CLANG_WARN_INT_CONVERSION = YES;
				CLANG_WARN_OBJC_ROOT_CLASS = YES_ERROR;
				CLANG_WARN_SUSPICIOUS_MOVE = YES;
				CLANG_WARN_UNREACHABLE_CODE = YES;
				CLANG_WARN__DUPLICATE_METHOD_MATCH = YES;
				"CODE_SIGN_IDENTITY[sdk=iphoneos*]" = "iPhone Developer";
				COPY_PHASE_STRIP = NO;
				DEBUG_INFORMATION_FORMAT = "dwarf-with-dsym";
				ENABLE_NS_ASSERTIONS = NO;
				ENABLE_STRICT_OBJC_MSGSEND = YES;
				GCC_C_LANGUAGE_STANDARD = gnu99;
				GCC_NO_COMMON_BLOCKS = YES;
				GCC_WARN_64_TO_32_BIT_CONVERSION = YES;
				GCC_WARN_ABOUT_RETURN_TYPE = YES_ERROR;
				GCC_WARN_UNDECLARED_SELECTOR = YES;
				GCC_WARN_UNINITIALIZED_AUTOS = YES_AGGRESSIVE;
				GCC_WARN_UNUSED_FUNCTION = YES;
				GCC_WARN_UNUSED_VARIABLE = YES;
				IPHONEOS_DEPLOYMENT_TARGET = 10.3;
				MTL_ENABLE_DEBUG_INFO = NO;
				SDKROOT = iphoneos;
				SWIFT_OPTIMIZATION_LEVEL = "-Owholemodule";
				VALIDATE_PRODUCT = YES;
			};
			name = Release;
		};
		DB89CD981EA6FF9B001910B6 /* Debug */ = {
			isa = XCBuildConfiguration;
			baseConfigurationReference = F8B87AF8D3E7C5525A812F1D /* Pods-Todo-Assignment.debug.xcconfig */;
			buildSettings = {
				ASSETCATALOG_COMPILER_APPICON_NAME = AppIcon;
				DEVELOPMENT_TEAM = F5GAB67SL8;
				INFOPLIST_FILE = "Todo-Assignment/Info.plist";
				LD_RUNPATH_SEARCH_PATHS = "$(inherited) @executable_path/Frameworks";
				PRODUCT_BUNDLE_IDENTIFIER = "com.neroblu.ios.Todo-Assignment";
				PRODUCT_NAME = "$(TARGET_NAME)";
				SWIFT_VERSION = 3.0;
			};
			name = Debug;
		};
		DB89CD991EA6FF9B001910B6 /* Release */ = {
			isa = XCBuildConfiguration;
			baseConfigurationReference = E508213535F13E5300318183 /* Pods-Todo-Assignment.release.xcconfig */;
			buildSettings = {
				ASSETCATALOG_COMPILER_APPICON_NAME = AppIcon;
				DEVELOPMENT_TEAM = F5GAB67SL8;
				INFOPLIST_FILE = "Todo-Assignment/Info.plist";
				LD_RUNPATH_SEARCH_PATHS = "$(inherited) @executable_path/Frameworks";
				PRODUCT_BUNDLE_IDENTIFIER = "com.neroblu.ios.Todo-Assignment";
				PRODUCT_NAME = "$(TARGET_NAME)";
				SWIFT_VERSION = 3.0;
			};
			name = Release;
		};
		DB89CD9B1EA6FF9B001910B6 /* Debug */ = {
			isa = XCBuildConfiguration;
			baseConfigurationReference = 8B0BAD1691625514FBE322C8 /* Pods-Todo-AssignmentTests.debug.xcconfig */;
			buildSettings = {
				ALWAYS_EMBED_SWIFT_STANDARD_LIBRARIES = YES;
				BUNDLE_LOADER = "$(TEST_HOST)";
				DEVELOPMENT_TEAM = F5GAB67SL8;
				INFOPLIST_FILE = "Todo-AssignmentTests/Info.plist";
				LD_RUNPATH_SEARCH_PATHS = "$(inherited) @executable_path/Frameworks @loader_path/Frameworks";
				PRODUCT_BUNDLE_IDENTIFIER = "com.neroblu.ios.Todo-AssignmentTests";
				PRODUCT_NAME = "$(TARGET_NAME)";
				SWIFT_VERSION = 3.0;
				TEST_HOST = "$(BUILT_PRODUCTS_DIR)/Todo-Assignment.app/Todo-Assignment";
			};
			name = Debug;
		};
		DB89CD9C1EA6FF9B001910B6 /* Release */ = {
			isa = XCBuildConfiguration;
			baseConfigurationReference = 38C5096F9E2D3E75209BEABE /* Pods-Todo-AssignmentTests.release.xcconfig */;
			buildSettings = {
				ALWAYS_EMBED_SWIFT_STANDARD_LIBRARIES = YES;
				BUNDLE_LOADER = "$(TEST_HOST)";
				DEVELOPMENT_TEAM = F5GAB67SL8;
				INFOPLIST_FILE = "Todo-AssignmentTests/Info.plist";
				LD_RUNPATH_SEARCH_PATHS = "$(inherited) @executable_path/Frameworks @loader_path/Frameworks";
				PRODUCT_BUNDLE_IDENTIFIER = "com.neroblu.ios.Todo-AssignmentTests";
				PRODUCT_NAME = "$(TARGET_NAME)";
				SWIFT_VERSION = 3.0;
				TEST_HOST = "$(BUILT_PRODUCTS_DIR)/Todo-Assignment.app/Todo-Assignment";
			};
			name = Release;
		};
/* End XCBuildConfiguration section */

/* Begin XCConfigurationList section */
		DB89CD751EA6FF9B001910B6 /* Build configuration list for PBXProject "Todo-Assignment" */ = {
			isa = XCConfigurationList;
			buildConfigurations = (
				DB89CD951EA6FF9B001910B6 /* Debug */,
				DB89CD961EA6FF9B001910B6 /* Release */,
			);
			defaultConfigurationIsVisible = 0;
			defaultConfigurationName = Release;
		};
		DB89CD971EA6FF9B001910B6 /* Build configuration list for PBXNativeTarget "Todo-Assignment" */ = {
			isa = XCConfigurationList;
			buildConfigurations = (
				DB89CD981EA6FF9B001910B6 /* Debug */,
				DB89CD991EA6FF9B001910B6 /* Release */,
			);
			defaultConfigurationIsVisible = 0;
			defaultConfigurationName = Release;
		};
		DB89CD9A1EA6FF9B001910B6 /* Build configuration list for PBXNativeTarget "Todo-AssignmentTests" */ = {
			isa = XCConfigurationList;
			buildConfigurations = (
				DB89CD9B1EA6FF9B001910B6 /* Debug */,
				DB89CD9C1EA6FF9B001910B6 /* Release */,
			);
			defaultConfigurationIsVisible = 0;
			defaultConfigurationName = Release;
		};
/* End XCConfigurationList section */
	};
	rootObject = DB89CD721EA6FF9B001910B6 /* Project object */;
}
